
Microsoft Visual Studio Solution File, Format Version 12.00
# Visual Studio Version 17
VisualStudioVersion = 17.5.002.0
MinimumVisualStudioVersion = 10.0.40219.1
Project("{9A19103F-16F7-4668-BE54-9A1E7A4F7556}") = "StaticMethod", "StaticMethod.csproj", "{A76E4FE1-74FE-494E-AF21-7715AC03D79C}"
EndProject
Global
	GlobalSection(SolutionConfigurationPlatforms) = preSolution
		Debug|Any CPU = Debug|Any CPU
		Release|Any CPU = Release|Any CPU
	EndGlobalSection
	GlobalSection(ProjectConfigurationPlatforms) = postSolution
		{A76E4FE1-74FE-494E-AF21-7715AC03D79C}.Debug|Any CPU.ActiveCfg = Debug|Any CPU
		{A76E4FE1-74FE-494E-AF21-7715AC03D79C}.Debug|Any CPU.Build.0 = Debug|Any CPU
		{A76E4FE1-74FE-494E-AF21-7715AC03D79C}.Release|Any CPU.ActiveCfg = Release|Any CPU
		{A76E4FE1-74FE-494E-AF21-7715AC03D79C}.Release|Any CPU.Build.0 = Release|Any CPU
	EndGlobalSection
	GlobalSection(SolutionProperties) = preSolution
		HideSolutionNode = FALSE
	EndGlobalSection
	GlobalSection(ExtensibilityGlobals) = postSolution
		SolutionGuid = {73D1D8F3-449D-4E8F-A9F5-FBFB5766EB9D}
	EndGlobalSection
EndGlobal
